
Microsoft Visual Studio Solution File, Format Version 12.00
# Visual Studio 2012
Project("{FAE04EC0-301F-11D3-BF4B-00C04F79EFBC}") = "FractalTree", "FractalTree\FractalTree.csproj", "{2CB8E22D-0EDD-48B3-BFB8-6C498CB8D75E}"
EndProject
Global
	GlobalSection(SolutionConfigurationPlatforms) = preSolution
		Debug|Any CPU = Debug|Any CPU
		Release|Any CPU = Release|Any CPU
	EndGlobalSection
	GlobalSection(ProjectConfigurationPlatforms) = postSolution
		{2CB8E22D-0EDD-48B3-BFB8-6C498CB8D75E}.Debug|Any CPU.ActiveCfg = Debug|Any CPU
		{2CB8E22D-0EDD-48B3-BFB8-6C498CB8D75E}.Debug|Any CPU.Build.0 = Debug|Any CPU
		{2CB8E22D-0EDD-48B3-BFB8-6C498CB8D75E}.Release|Any CPU.ActiveCfg = Release|Any CPU
		{2CB8E22D-0EDD-48B3-BFB8-6C498CB8D75E}.Release|Any CPU.Build.0 = Release|Any CPU
	EndGlobalSection
	GlobalSection(SolutionProperties) = preSolution
		HideSolutionNode = FALSE
	EndGlobalSection
EndGlobal
